
Microsoft Visual Studio Solution File, Format Version 12.00
# Visual Studio Version 16
VisualStudioVersion = 16.0.30002.166
MinimumVisualStudioVersion = 10.0.40219.1
Project("{FAE04EC0-301F-11D3-BF4B-00C04F79EFBC}") = "DAL", "DAL\DAL.csproj", "{10C811D8-6F2D-4323-AF1C-6AA6C403B66D}"
EndProject
Project("{FAE04EC0-301F-11D3-BF4B-00C04F79EFBC}") = "Web", "Web\Web.csproj", "{7B1FFFDF-0B85-4968-B2FA-2873D19F8E0D}"
EndProject
Global
	GlobalSection(SolutionConfigurationPlatforms) = preSolution
		Debug|Any CPU = Debug|Any CPU
		Release|Any CPU = Release|Any CPU
	EndGlobalSection
	GlobalSection(ProjectConfigurationPlatforms) = postSolution
		{10C811D8-6F2D-4323-AF1C-6AA6C403B66D}.Debug|Any CPU.ActiveCfg = Debug|Any CPU
		{10C811D8-6F2D-4323-AF1C-6AA6C403B66D}.Debug|Any CPU.Build.0 = Debug|Any CPU
		{10C811D8-6F2D-4323-AF1C-6AA6C403B66D}.Release|Any CPU.ActiveCfg = Release|Any CPU
		{10C811D8-6F2D-4323-AF1C-6AA6C403B66D}.Release|Any CPU.Build.0 = Release|Any CPU
		{7B1FFFDF-0B85-4968-B2FA-2873D19F8E0D}.Debug|Any CPU.ActiveCfg = Debug|Any CPU
		{7B1FFFDF-0B85-4968-B2FA-2873D19F8E0D}.Debug|Any CPU.Build.0 = Debug|Any CPU
		{7B1FFFDF-0B85-4968-B2FA-2873D19F8E0D}.Release|Any CPU.ActiveCfg = Release|Any CPU
		{7B1FFFDF-0B85-4968-B2FA-2873D19F8E0D}.Release|Any CPU.Build.0 = Release|Any CPU
	EndGlobalSection
	GlobalSection(SolutionProperties) = preSolution
		HideSolutionNode = FALSE
	EndGlobalSection
	GlobalSection(ExtensibilityGlobals) = postSolution
		SolutionGuid = {D5634E8C-F51F-472C-861C-E7944C328D3B}
	EndGlobalSection
EndGlobal
